// !$*UTF8*$!
{
	archiveVersion = 1;
	classes = {
	};
	objectVersion = 55;
	objects = {

/* Begin PBXBuildFile section */
		7B7930CF2753A8E100FC9D9A /* AppDelegate.swift in Sources */ = {isa = PBXBuildFile; fileRef = 7B7930CE2753A8E100FC9D9A /* AppDelegate.swift */; };
		7B7930D12753A8E100FC9D9A /* SceneDelegate.swift in Sources */ = {isa = PBXBuildFile; fileRef = 7B7930D02753A8E100FC9D9A /* SceneDelegate.swift */; };
		7B7930D32753A8E100FC9D9A /* ViewController.swift in Sources */ = {isa = PBXBuildFile; fileRef = 7B7930D22753A8E100FC9D9A /* ViewController.swift */; };
		7B7930D62753A8E100FC9D9A /* Main.storyboard in Resources */ = {isa = PBXBuildFile; fileRef = 7B7930D42753A8E100FC9D9A /* Main.storyboard */; };
		7B7930D92753A8E100FC9D9A /* KoreanLunarCalendar.xcdatamodeld in Sources */ = {isa = PBXBuildFile; fileRef = 7B7930D72753A8E100FC9D9A /* KoreanLunarCalendar.xcdatamodeld */; };
		7B7930DB2753A8E300FC9D9A /* Assets.xcassets in Resources */ = {isa = PBXBuildFile; fileRef = 7B7930DA2753A8E300FC9D9A /* Assets.xcassets */; };
		7B7930DE2753A8E300FC9D9A /* LaunchScreen.storyboard in Resources */ = {isa = PBXBuildFile; fileRef = 7B7930DC2753A8E300FC9D9A /* LaunchScreen.storyboard */; };
		7B7930E92753A8E300FC9D9A /* KoreanLunarCalendarTests.swift in Sources */ = {isa = PBXBuildFile; fileRef = 7B7930E82753A8E300FC9D9A /* KoreanLunarCalendarTests.swift */; };
		7B7930F32753A8E300FC9D9A /* KoreanLunarCalendarUITests.swift in Sources */ = {isa = PBXBuildFile; fileRef = 7B7930F22753A8E300FC9D9A /* KoreanLunarCalendarUITests.swift */; };
		7B7930F52753A8E300FC9D9A /* KoreanLunarCalendarUITestsLaunchTests.swift in Sources */ = {isa = PBXBuildFile; fileRef = 7B7930F42753A8E300FC9D9A /* KoreanLunarCalendarUITestsLaunchTests.swift */; };
/* End PBXBuildFile section */

/* Begin PBXContainerItemProxy section */
		7B7930E52753A8E300FC9D9A /* PBXContainerItemProxy */ = {
			isa = PBXContainerItemProxy;
			containerPortal = 7B7930C32753A8E100FC9D9A /* Project object */;
			proxyType = 1;
			remoteGlobalIDString = 7B7930CA2753A8E100FC9D9A;
			remoteInfo = KoreanLunarCalendar;
		};
		7B7930EF2753A8E300FC9D9A /* PBXContainerItemProxy */ = {
			isa = PBXContainerItemProxy;
			containerPortal = 7B7930C32753A8E100FC9D9A /* Project object */;
			proxyType = 1;
			remoteGlobalIDString = 7B7930CA2753A8E100FC9D9A;
			remoteInfo = KoreanLunarCalendar;
		};
/* End PBXContainerItemProxy section */

/* Begin PBXFileReference section */
		7B7930CB2753A8E100FC9D9A /* KoreanLunarCalendar.app */ = {isa = PBXFileReference; explicitFileType = wrapper.application; includeInIndex = 0; path = KoreanLunarCalendar.app; sourceTree = BUILT_PRODUCTS_DIR; };
		7B7930CE2753A8E100FC9D9A /* AppDelegate.swift */ = {isa = PBXFileReference; lastKnownFileType = sourcecode.swift; path = AppDelegate.swift; sourceTree = "<group>"; };
		7B7930D02753A8E100FC9D9A /* SceneDelegate.swift */ = {isa = PBXFileReference; lastKnownFileType = sourcecode.swift; path = SceneDelegate.swift; sourceTree = "<group>"; };
		7B7930D22753A8E100FC9D9A /* ViewController.swift */ = {isa = PBXFileReference; lastKnownFileType = sourcecode.swift; path = ViewController.swift; sourceTree = "<group>"; };
		7B7930D52753A8E100FC9D9A /* Base */ = {isa = PBXFileReference; lastKnownFileType = file.storyboard; name = Base; path = Base.lproj/Main.storyboard; sourceTree = "<group>"; };
		7B7930D82753A8E100FC9D9A /* KoreanLunarCalendar.xcdatamodel */ = {isa = PBXFileReference; lastKnownFileType = wrapper.xcdatamodel; path = KoreanLunarCalendar.xcdatamodel; sourceTree = "<group>"; };
		7B7930DA2753A8E300FC9D9A /* Assets.xcassets */ = {isa = PBXFileReference; lastKnownFileType = folder.assetcatalog; path = Assets.xcassets; sourceTree = "<group>"; };
		7B7930DD2753A8E300FC9D9A /* Base */ = {isa = PBXFileReference; lastKnownFileType = file.storyboard; name = Base; path = Base.lproj/LaunchScreen.storyboard; sourceTree = "<group>"; };
		7B7930DF2753A8E300FC9D9A /* Info.plist */ = {isa = PBXFileReference; lastKnownFileType = text.plist.xml; path = Info.plist; sourceTree = "<group>"; };
		7B7930E42753A8E300FC9D9A /* KoreanLunarCalendarTests.xctest */ = {isa = PBXFileReference; explicitFileType = wrapper.cfbundle; includeInIndex = 0; path = KoreanLunarCalendarTests.xctest; sourceTree = BUILT_PRODUCTS_DIR; };
		7B7930E82753A8E300FC9D9A /* KoreanLunarCalendarTests.swift */ = {isa = PBXFileReference; lastKnownFileType = sourcecode.swift; path = KoreanLunarCalendarTests.swift; sourceTree = "<group>"; };
		7B7930EE2753A8E300FC9D9A /* KoreanLunarCalendarUITests.xctest */ = {isa = PBXFileReference; explicitFileType = wrapper.cfbundle; includeInIndex = 0; path = KoreanLunarCalendarUITests.xctest; sourceTree = BUILT_PRODUCTS_DIR; };
		7B7930F22753A8E300FC9D9A /* KoreanLunarCalendarUITests.swift */ = {isa = PBXFileReference; lastKnownFileType = sourcecode.swift; path = KoreanLunarCalendarUITests.swift; sourceTree = "<group>"; };
		7B7930F42753A8E300FC9D9A /* KoreanLunarCalendarUITestsLaunchTests.swift */ = {isa = PBXFileReference; lastKnownFileType = sourcecode.swift; path = KoreanLunarCalendarUITestsLaunchTests.swift; sourceTree = "<group>"; };
/* End PBXFileReference section */

/* Begin PBXFrameworksBuildPhase section */
		7B7930C82753A8E100FC9D9A /* Frameworks */ = {
			isa = PBXFrameworksBuildPhase;
			buildActionMask = 2147483647;
			files = (
			);
			runOnlyForDeploymentPostprocessing = 0;
		};
		7B7930E12753A8E300FC9D9A /* Frameworks */ = {
			isa = PBXFrameworksBuildPhase;
			buildActionMask = 2147483647;
			files = (
			);
			runOnlyForDeploymentPostprocessing = 0;
		};
		7B7930EB2753A8E300FC9D9A /* Frameworks */ = {
			isa = PBXFrameworksBuildPhase;
			buildActionMask = 2147483647;
			files = (
			);
			runOnlyForDeploymentPostprocessing = 0;
		};
/* End PBXFrameworksBuildPhase section */

/* Begin PBXGroup section */
		7B7930C22753A8E100FC9D9A = {
			isa = PBXGroup;
			children = (
				7B7930CD2753A8E100FC9D9A /* KoreanLunarCalendar */,
				7B7930E72753A8E300FC9D9A /* KoreanLunarCalendarTests */,
				7B7930F12753A8E300FC9D9A /* KoreanLunarCalendarUITests */,
				7B7930CC2753A8E100FC9D9A /* Products */,
			);
			sourceTree = "<group>";
		};
		7B7930CC2753A8E100FC9D9A /* Products */ = {
			isa = PBXGroup;
			children = (
				7B7930CB2753A8E100FC9D9A /* KoreanLunarCalendar.app */,
				7B7930E42753A8E300FC9D9A /* KoreanLunarCalendarTests.xctest */,
				7B7930EE2753A8E300FC9D9A /* KoreanLunarCalendarUITests.xctest */,
			);
			name = Products;
			sourceTree = "<group>";
		};
		7B7930CD2753A8E100FC9D9A /* KoreanLunarCalendar */ = {
			isa = PBXGroup;
			children = (
				7B7930CE2753A8E100FC9D9A /* AppDelegate.swift */,
				7B7930D02753A8E100FC9D9A /* SceneDelegate.swift */,
				7B7930D22753A8E100FC9D9A /* ViewController.swift */,
				7B7930D42753A8E100FC9D9A /* Main.storyboard */,
				7B7930DA2753A8E300FC9D9A /* Assets.xcassets */,
				7B7930DC2753A8E300FC9D9A /* LaunchScreen.storyboard */,
				7B7930DF2753A8E300FC9D9A /* Info.plist */,
				7B7930D72753A8E100FC9D9A /* KoreanLunarCalendar.xcdatamodeld */,
			);
			path = KoreanLunarCalendar;
			sourceTree = "<group>";
		};
		7B7930E72753A8E300FC9D9A /* KoreanLunarCalendarTests */ = {
			isa = PBXGroup;
			children = (
				7B7930E82753A8E300FC9D9A /* KoreanLunarCalendarTests.swift */,
			);
			path = KoreanLunarCalendarTests;
			sourceTree = "<group>";
		};
		7B7930F12753A8E300FC9D9A /* KoreanLunarCalendarUITests */ = {
			isa = PBXGroup;
			children = (
				7B7930F22753A8E300FC9D9A /* KoreanLunarCalendarUITests.swift */,
				7B7930F42753A8E300FC9D9A /* KoreanLunarCalendarUITestsLaunchTests.swift */,
			);
			path = KoreanLunarCalendarUITests;
			sourceTree = "<group>";
		};
/* End PBXGroup section */

/* Begin PBXNativeTarget section */
		7B7930CA2753A8E100FC9D9A /* KoreanLunarCalendar */ = {
			isa = PBXNativeTarget;
			buildConfigurationList = 7B7930F82753A8E300FC9D9A /* Build configuration list for PBXNativeTarget "KoreanLunarCalendar" */;
			buildPhases = (
				7B7930C72753A8E100FC9D9A /* Sources */,
				7B7930C82753A8E100FC9D9A /* Frameworks */,
				7B7930C92753A8E100FC9D9A /* Resources */,
			);
			buildRules = (
			);
			dependencies = (
			);
			name = KoreanLunarCalendar;
			productName = KoreanLunarCalendar;
			productReference = 7B7930CB2753A8E100FC9D9A /* KoreanLunarCalendar.app */;
			productType = "com.apple.product-type.application";
		};
		7B7930E32753A8E300FC9D9A /* KoreanLunarCalendarTests */ = {
			isa = PBXNativeTarget;
			buildConfigurationList = 7B7930FB2753A8E300FC9D9A /* Build configuration list for PBXNativeTarget "KoreanLunarCalendarTests" */;
			buildPhases = (
				7B7930E02753A8E300FC9D9A /* Sources */,
				7B7930E12753A8E300FC9D9A /* Frameworks */,
				7B7930E22753A8E300FC9D9A /* Resources */,
			);
			buildRules = (
			);
			dependencies = (
				7B7930E62753A8E300FC9D9A /* PBXTargetDependency */,
			);
			name = KoreanLunarCalendarTests;
			productName = KoreanLunarCalendarTests;
			productReference = 7B7930E42753A8E300FC9D9A /* KoreanLunarCalendarTests.xctest */;
			productType = "com.apple.product-type.bundle.unit-test";
		};
		7B7930ED2753A8E300FC9D9A /* KoreanLunarCalendarUITests */ = {
			isa = PBXNativeTarget;
			buildConfigurationList = 7B7930FE2753A8E300FC9D9A /* Build configuration list for PBXNativeTarget "KoreanLunarCalendarUITests" */;
			buildPhases = (
				7B7930EA2753A8E300FC9D9A /* Sources */,
				7B7930EB2753A8E300FC9D9A /* Frameworks */,
				7B7930EC2753A8E300FC9D9A /* Resources */,
			);
			buildRules = (
			);
			dependencies = (
				7B7930F02753A8E300FC9D9A /* PBXTargetDependency */,
			);
			name = KoreanLunarCalendarUITests;
			productName = KoreanLunarCalendarUITests;
			productReference = 7B7930EE2753A8E300FC9D9A /* KoreanLunarCalendarUITests.xctest */;
			productType = "com.apple.product-type.bundle.ui-testing";
		};
/* End PBXNativeTarget section */

/* Begin PBXProject section */
		7B7930C32753A8E100FC9D9A /* Project object */ = {
			isa = PBXProject;
			attributes = {
				BuildIndependentTargetsInParallel = 1;
				LastSwiftUpdateCheck = 1310;
				LastUpgradeCheck = 1310;
				TargetAttributes = {
					7B7930CA2753A8E100FC9D9A = {
						CreatedOnToolsVersion = 13.1;
					};
					7B7930E32753A8E300FC9D9A = {
						CreatedOnToolsVersion = 13.1;
						TestTargetID = 7B7930CA2753A8E100FC9D9A;
					};
					7B7930ED2753A8E300FC9D9A = {
						CreatedOnToolsVersion = 13.1;
						TestTargetID = 7B7930CA2753A8E100FC9D9A;
					};
				};
			};
			buildConfigurationList = 7B7930C62753A8E100FC9D9A /* Build configuration list for PBXProject "KoreanLunarCalendar" */;
			compatibilityVersion = "Xcode 13.0";
			developmentRegion = en;
			hasScannedForEncodings = 0;
			knownRegions = (
				en,
				Base,
			);
			mainGroup = 7B7930C22753A8E100FC9D9A;
			productRefGroup = 7B7930CC2753A8E100FC9D9A /* Products */;
			projectDirPath = "";
			projectRoot = "";
			targets = (
				7B7930CA2753A8E100FC9D9A /* KoreanLunarCalendar */,
				7B7930E32753A8E300FC9D9A /* KoreanLunarCalendarTests */,
				7B7930ED2753A8E300FC9D9A /* KoreanLunarCalendarUITests */,
			);
		};
/* End PBXProject section */

/* Begin PBXResourcesBuildPhase section */
		7B7930C92753A8E100FC9D9A /* Resources */ = {
			isa = PBXResourcesBuildPhase;
			buildActionMask = 2147483647;
			files = (
				7B7930DE2753A8E300FC9D9A /* LaunchScreen.storyboard in Resources */,
				7B7930DB2753A8E300FC9D9A /* Assets.xcassets in Resources */,
				7B7930D62753A8E100FC9D9A /* Main.storyboard in Resources */,
			);
			runOnlyForDeploymentPostprocessing = 0;
		};
		7B7930E22753A8E300FC9D9A /* Resources */ = {
			isa = PBXResourcesBuildPhase;
			buildActionMask = 2147483647;
			files = (
			);
			runOnlyForDeploymentPostprocessing = 0;
		};
		7B7930EC2753A8E300FC9D9A /* Resources */ = {
			isa = PBXResourcesBuildPhase;
			buildActionMask = 2147483647;
			files = (
			);
			runOnlyForDeploymentPostprocessing = 0;
		};
/* End PBXResourcesBuildPhase section */

/* Begin PBXSourcesBuildPhase section */
		7B7930C72753A8E100FC9D9A /* Sources */ = {
			isa = PBXSourcesBuildPhase;
			buildActionMask = 2147483647;
			files = (
				7B7930D92753A8E100FC9D9A /* KoreanLunarCalendar.xcdatamodeld in Sources */,
				7B7930D32753A8E100FC9D9A /* ViewController.swift in Sources */,
				7B7930CF2753A8E100FC9D9A /* AppDelegate.swift in Sources */,
				7B7930D12753A8E100FC9D9A /* SceneDelegate.swift in Sources */,
			);
			runOnlyForDeploymentPostprocessing = 0;
		};
		7B7930E02753A8E300FC9D9A /* Sources */ = {
			isa = PBXSourcesBuildPhase;
			buildActionMask = 2147483647;
			files = (
				7B7930E92753A8E300FC9D9A /* KoreanLunarCalendarTests.swift in Sources */,
			);
			runOnlyForDeploymentPostprocessing = 0;
		};
		7B7930EA2753A8E300FC9D9A /* Sources */ = {
			isa = PBXSourcesBuildPhase;
			buildActionMask = 2147483647;
			files = (
				7B7930F32753A8E300FC9D9A /* KoreanLunarCalendarUITests.swift in Sources */,
				7B7930F52753A8E300FC9D9A /* KoreanLunarCalendarUITestsLaunchTests.swift in Sources */,
			);
			runOnlyForDeploymentPostprocessing = 0;
		};
/* End PBXSourcesBuildPhase section */

/* Begin PBXTargetDependency section */
		7B7930E62753A8E300FC9D9A /* PBXTargetDependency */ = {
			isa = PBXTargetDependency;
			target = 7B7930CA2753A8E100FC9D9A /* KoreanLunarCalendar */;
			targetProxy = 7B7930E52753A8E300FC9D9A /* PBXContainerItemProxy */;
		};
		7B7930F02753A8E300FC9D9A /* PBXTargetDependency */ = {
			isa = PBXTargetDependency;
			target = 7B7930CA2753A8E100FC9D9A /* KoreanLunarCalendar */;
			targetProxy = 7B7930EF2753A8E300FC9D9A /* PBXContainerItemProxy */;
		};
/* End PBXTargetDependency section */

/* Begin PBXVariantGroup section */
		7B7930D42753A8E100FC9D9A /* Main.storyboard */ = {
			isa = PBXVariantGroup;
			children = (
				7B7930D52753A8E100FC9D9A /* Base */,
			);
			name = Main.storyboard;
			sourceTree = "<group>";
		};
		7B7930DC2753A8E300FC9D9A /* LaunchScreen.storyboard */ = {
			isa = PBXVariantGroup;
			children = (
				7B7930DD2753A8E300FC9D9A /* Base */,
			);
			name = LaunchScreen.storyboard;
			sourceTree = "<group>";
		};
/* End PBXVariantGroup section */

/* Begin XCBuildConfiguration section */
		7B7930F62753A8E300FC9D9A /* Debug */ = {
			isa = XCBuildConfiguration;
			buildSettings = {
				ALWAYS_SEARCH_USER_PATHS = NO;
				CLANG_ANALYZER_NONNULL = YES;
				CLANG_ANALYZER_NUMBER_OBJECT_CONVERSION = YES_AGGRESSIVE;
				CLANG_CXX_LANGUAGE_STANDARD = "gnu++17";
				CLANG_CXX_LIBRARY = "libc++";
				CLANG_ENABLE_MODULES = YES;
				CLANG_ENABLE_OBJC_ARC = YES;
				CLANG_ENABLE_OBJC_WEAK = YES;
				CLANG_WARN_BLOCK_CAPTURE_AUTORELEASING = YES;
				CLANG_WARN_BOOL_CONVERSION = YES;
				CLANG_WARN_COMMA = YES;
				CLANG_WARN_CONSTANT_CONVERSION = YES;
				CLANG_WARN_DEPRECATED_OBJC_IMPLEMENTATIONS = YES;
				CLANG_WARN_DIRECT_OBJC_ISA_USAGE = YES_ERROR;
				CLANG_WARN_DOCUMENTATION_COMMENTS = YES;
				CLANG_WARN_EMPTY_BODY = YES;
				CLANG_WARN_ENUM_CONVERSION = YES;
				CLANG_WARN_INFINITE_RECURSION = YES;
				CLANG_WARN_INT_CONVERSION = YES;
				CLANG_WARN_NON_LITERAL_NULL_CONVERSION = YES;
				CLANG_WARN_OBJC_IMPLICIT_RETAIN_SELF = YES;
				CLANG_WARN_OBJC_LITERAL_CONVERSION = YES;
				CLANG_WARN_OBJC_ROOT_CLASS = YES_ERROR;
				CLANG_WARN_QUOTED_INCLUDE_IN_FRAMEWORK_HEADER = YES;
				CLANG_WARN_RANGE_LOOP_ANALYSIS = YES;
				CLANG_WARN_STRICT_PROTOTYPES = YES;
				CLANG_WARN_SUSPICIOUS_MOVE = YES;
				CLANG_WARN_UNGUARDED_AVAILABILITY = YES_AGGRESSIVE;
				CLANG_WARN_UNREACHABLE_CODE = YES;
				CLANG_WARN__DUPLICATE_METHOD_MATCH = YES;
				COPY_PHASE_STRIP = NO;
				DEBUG_INFORMATION_FORMAT = dwarf;
				ENABLE_STRICT_OBJC_MSGSEND = YES;
				ENABLE_TESTABILITY = YES;
				GCC_C_LANGUAGE_STANDARD = gnu11;
				GCC_DYNAMIC_NO_PIC = NO;
				GCC_NO_COMMON_BLOCKS = YES;
				GCC_OPTIMIZATION_LEVEL = 0;
				GCC_PREPROCESSOR_DEFINITIONS = (
					"DEBUG=1",
					"$(inherited)",
				);
				GCC_WARN_64_TO_32_BIT_CONVERSION = YES;
				GCC_WARN_ABOUT_RETURN_TYPE = YES_ERROR;
				GCC_WARN_UNDECLARED_SELECTOR = YES;
				GCC_WARN_UNINITIALIZED_AUTOS = YES_AGGRESSIVE;
				GCC_WARN_UNUSED_FUNCTION = YES;
				GCC_WARN_UNUSED_VARIABLE = YES;
				IPHONEOS_DEPLOYMENT_TARGET = 15.0;
				MTL_ENABLE_DEBUG_INFO = INCLUDE_SOURCE;
				MTL_FAST_MATH = YES;
				ONLY_ACTIVE_ARCH = YES;
				SDKROOT = iphoneos;
				SWIFT_ACTIVE_COMPILATION_CONDITIONS = DEBUG;
				SWIFT_OPTIMIZATION_LEVEL = "-Onone";
			};
			name = Debug;
		};
		7B7930F72753A8E300FC9D9A /* Release */ = {
			isa = XCBuildConfiguration;
			buildSettings = {
				ALWAYS_SEARCH_USER_PATHS = NO;
				CLANG_ANALYZER_NONNULL = YES;
				CLANG_ANALYZER_NUMBER_OBJECT_CONVERSION = YES_AGGRESSIVE;
				CLANG_CXX_LANGUAGE_STANDARD = "gnu++17";
				CLANG_CXX_LIBRARY = "libc++";
				CLANG_ENABLE_MODULES = YES;
				CLANG_ENABLE_OBJC_ARC = YES;
				CLANG_ENABLE_OBJC_WEAK = YES;
				CLANG_WARN_BLOCK_CAPTURE_AUTORELEASING = YES;
				CLANG_WARN_BOOL_CONVERSION = YES;
				CLANG_WARN_COMMA = YES;
				CLANG_WARN_CONSTANT_CONVERSION = YES;
				CLANG_WARN_DEPRECATED_OBJC_IMPLEMENTATIONS = YES;
				CLANG_WARN_DIRECT_OBJC_ISA_USAGE = YES_ERROR;
				CLANG_WARN_DOCUMENTATION_COMMENTS = YES;
				CLANG_WARN_EMPTY_BODY = YES;
				CLANG_WARN_ENUM_CONVERSION = YES;
				CLANG_WARN_INFINITE_RECURSION = YES;
				CLANG_WARN_INT_CONVERSION = YES;
				CLANG_WARN_NON_LITERAL_NULL_CONVERSION = YES;
				CLANG_WARN_OBJC_IMPLICIT_RETAIN_SELF = YES;
				CLANG_WARN_OBJC_LITERAL_CONVERSION = YES;
				CLANG_WARN_OBJC_ROOT_CLASS = YES_ERROR;
				CLANG_WARN_QUOTED_INCLUDE_IN_FRAMEWORK_HEADER = YES;
				CLANG_WARN_RANGE_LOOP_ANALYSIS = YES;
				CLANG_WARN_STRICT_PROTOTYPES = YES;
				CLANG_WARN_SUSPICIOUS_MOVE = YES;
				CLANG_WARN_UNGUARDED_AVAILABILITY = YES_AGGRESSIVE;
				CLANG_WARN_UNREACHABLE_CODE = YES;
				CLANG_WARN__DUPLICATE_METHOD_MATCH = YES;
				COPY_PHASE_STRIP = NO;
				DEBUG_INFORMATION_FORMAT = "dwarf-with-dsym";
				ENABLE_NS_ASSERTIONS = NO;
				ENABLE_STRICT_OBJC_MSGSEND = YES;
				GCC_C_LANGUAGE_STANDARD = gnu11;
				GCC_NO_COMMON_BLOCKS = YES;
				GCC_WARN_64_TO_32_BIT_CONVERSION = YES;
				GCC_WARN_ABOUT_RETURN_TYPE = YES_ERROR;
				GCC_WARN_UNDECLARED_SELECTOR = YES;
				GCC_WARN_UNINITIALIZED_AUTOS = YES_AGGRESSIVE;
				GCC_WARN_UNUSED_FUNCTION = YES;
				GCC_WARN_UNUSED_VARIABLE = YES;
				IPHONEOS_DEPLOYMENT_TARGET = 15.0;
				MTL_ENABLE_DEBUG_INFO = NO;
				MTL_FAST_MATH = YES;
				SDKROOT = iphoneos;
				SWIFT_COMPILATION_MODE = wholemodule;
				SWIFT_OPTIMIZATION_LEVEL = "-O";
				VALIDATE_PRODUCT = YES;
			};
			name = Release;
		};
		7B7930F92753A8E300FC9D9A /* Debug */ = {
			isa = XCBuildConfiguration;
			buildSettings = {
				ASSETCATALOG_COMPILER_APPICON_NAME = AppIcon;
				ASSETCATALOG_COMPILER_GLOBAL_ACCENT_COLOR_NAME = AccentColor;
				CODE_SIGN_STYLE = Automatic;
				CURRENT_PROJECT_VERSION = 1;
				DEVELOPMENT_TEAM = 67YPF88Z6T;
				GENERATE_INFOPLIST_FILE = YES;
				INFOPLIST_FILE = KoreanLunarCalendar/Info.plist;
				INFOPLIST_KEY_UIApplicationSupportsIndirectInputEvents = YES;
				INFOPLIST_KEY_UILaunchStoryboardName = LaunchScreen;
				INFOPLIST_KEY_UIMainStoryboardFile = Main;
				INFOPLIST_KEY_UISupportedInterfaceOrientations_iPad = "UIInterfaceOrientationPortrait UIInterfaceOrientationPortraitUpsideDown UIInterfaceOrientationLandscapeLeft UIInterfaceOrientationLandscapeRight";
				INFOPLIST_KEY_UISupportedInterfaceOrientations_iPhone = "UIInterfaceOrientationPortrait UIInterfaceOrientationLandscapeLeft UIInterfaceOrientationLandscapeRight";
				LD_RUNPATH_SEARCH_PATHS = (
					"$(inherited)",
					"@executable_path/Frameworks",
				);
				MARKETING_VERSION = 1.0;
				PRODUCT_BUNDLE_IDENTIFIER = com.jaemyeong.KoreanLunarCalendar;
				PRODUCT_NAME = "$(TARGET_NAME)";
				SWIFT_EMIT_LOC_STRINGS = YES;
				SWIFT_VERSION = 5.0;
				TARGETED_DEVICE_FAMILY = "1,2";
			};
			name = Debug;
		};
		7B7930FA2753A8E300FC9D9A /* Release */ = {
			isa = XCBuildConfiguration;
			buildSettings = {
				ASSETCATALOG_COMPILER_APPICON_NAME = AppIcon;
				ASSETCATALOG_COMPILER_GLOBAL_ACCENT_COLOR_NAME = AccentColor;
				CODE_SIGN_STYLE = Automatic;
				CURRENT_PROJECT_VERSION = 1;
				DEVELOPMENT_TEAM = 67YPF88Z6T;
				GENERATE_INFOPLIST_FILE = YES;
				INFOPLIST_FILE = KoreanLunarCalendar/Info.plist;
				INFOPLIST_KEY_UIApplicationSupportsIndirectInputEvents = YES;
				INFOPLIST_KEY_UILaunchStoryboardName = LaunchScreen;
				INFOPLIST_KEY_UIMainStoryboardFile = Main;
				INFOPLIST_KEY_UISupportedInterfaceOrientations_iPad = "UIInterfaceOrientationPortrait UIInterfaceOrientationPortraitUpsideDown UIInterfaceOrientationLandscapeLeft UIInterfaceOrientationLandscapeRight";
				INFOPLIST_KEY_UISupportedInterfaceOrientations_iPhone = "UIInterfaceOrientationPortrait UIInterfaceOrientationLandscapeLeft UIInterfaceOrientationLandscapeRight";
				LD_RUNPATH_SEARCH_PATHS = (
					"$(inherited)",
					"@executable_path/Frameworks",
				);
				MARKETING_VERSION = 1.0;
				PRODUCT_BUNDLE_IDENTIFIER = com.jaemyeong.KoreanLunarCalendar;
				PRODUCT_NAME = "$(TARGET_NAME)";
				SWIFT_EMIT_LOC_STRINGS = YES;
				SWIFT_VERSION = 5.0;
				TARGETED_DEVICE_FAMILY = "1,2";
			};
			name = Release;
		};
		7B7930FC2753A8E300FC9D9A /* Debug */ = {
			isa = XCBuildConfiguration;
			buildSettings = {
				ALWAYS_EMBED_SWIFT_STANDARD_LIBRARIES = YES;
				BUNDLE_LOADER = "$(TEST_HOST)";
				CODE_SIGN_STYLE = Automatic;
				CURRENT_PROJECT_VERSION = 1;
				DEVELOPMENT_TEAM = 67YPF88Z6T;
				GENERATE_INFOPLIST_FILE = YES;
				IPHONEOS_DEPLOYMENT_TARGET = 15.0;
				LD_RUNPATH_SEARCH_PATHS = (
					"$(inherited)",
					"@executable_path/Frameworks",
					"@loader_path/Frameworks",
				);
				MARKETING_VERSION = 1.0;
				PRODUCT_BUNDLE_IDENTIFIER = com.jaemyeong.KoreanLunarCalendarTests;
				PRODUCT_NAME = "$(TARGET_NAME)";
				SWIFT_EMIT_LOC_STRINGS = NO;
				SWIFT_VERSION = 5.0;
				TARGETED_DEVICE_FAMILY = "1,2";
				TEST_HOST = "$(BUILT_PRODUCTS_DIR)/KoreanLunarCalendar.app/KoreanLunarCalendar";
			};
			name = Debug;
		};
		7B7930FD2753A8E300FC9D9A /* Release */ = {
			isa = XCBuildConfiguration;
			buildSettings = {
				ALWAYS_EMBED_SWIFT_STANDARD_LIBRARIES = YES;
				BUNDLE_LOADER = "$(TEST_HOST)";
				CODE_SIGN_STYLE = Automatic;
				CURRENT_PROJECT_VERSION = 1;
				DEVELOPMENT_TEAM = 67YPF88Z6T;
				GENERATE_INFOPLIST_FILE = YES;
				IPHONEOS_DEPLOYMENT_TARGET = 15.0;
				LD_RUNPATH_SEARCH_PATHS = (
					"$(inherited)",
					"@executable_path/Frameworks",
					"@loader_path/Frameworks",
				);
				MARKETING_VERSION = 1.0;
				PRODUCT_BUNDLE_IDENTIFIER = com.jaemyeong.KoreanLunarCalendarTests;
				PRODUCT_NAME = "$(TARGET_NAME)";
				SWIFT_EMIT_LOC_STRINGS = NO;
				SWIFT_VERSION = 5.0;
				TARGETED_DEVICE_FAMILY = "1,2";
				TEST_HOST = "$(BUILT_PRODUCTS_DIR)/KoreanLunarCalendar.app/KoreanLunarCalendar";
			};
			name = Release;
		};
		7B7930FF2753A8E300FC9D9A /* Debug */ = {
			isa = XCBuildConfiguration;
			buildSettings = {
				ALWAYS_EMBED_SWIFT_STANDARD_LIBRARIES = YES;
				CODE_SIGN_STYLE = Automatic;
				CURRENT_PROJECT_VERSION = 1;
				DEVELOPMENT_TEAM = 67YPF88Z6T;
				GENERATE_INFOPLIST_FILE = YES;
				LD_RUNPATH_SEARCH_PATHS = (
					"$(inherited)",
					"@executable_path/Frameworks",
					"@loader_path/Frameworks",
				);
				MARKETING_VERSION = 1.0;
				PRODUCT_BUNDLE_IDENTIFIER = com.jaemyeong.KoreanLunarCalendarUITests;
				PRODUCT_NAME = "$(TARGET_NAME)";
				SWIFT_EMIT_LOC_STRINGS = NO;
				SWIFT_VERSION = 5.0;
				TARGETED_DEVICE_FAMILY = "1,2";
				TEST_TARGET_NAME = KoreanLunarCalendar;
			};
			name = Debug;
		};
		7B7931002753A8E300FC9D9A /* Release */ = {
			isa = XCBuildConfiguration;
			buildSettings = {
				ALWAYS_EMBED_SWIFT_STANDARD_LIBRARIES = YES;
				CODE_SIGN_STYLE = Automatic;
				CURRENT_PROJECT_VERSION = 1;
				DEVELOPMENT_TEAM = 67YPF88Z6T;
				GENERATE_INFOPLIST_FILE = YES;
				LD_RUNPATH_SEARCH_PATHS = (
					"$(inherited)",
					"@executable_path/Frameworks",
					"@loader_path/Frameworks",
				);
				MARKETING_VERSION = 1.0;
				PRODUCT_BUNDLE_IDENTIFIER = com.jaemyeong.KoreanLunarCalendarUITests;
				PRODUCT_NAME = "$(TARGET_NAME)";
				SWIFT_EMIT_LOC_STRINGS = NO;
				SWIFT_VERSION = 5.0;
				TARGETED_DEVICE_FAMILY = "1,2";
				TEST_TARGET_NAME = KoreanLunarCalendar;
			};
			name = Release;
		};
/* End XCBuildConfiguration section */

/* Begin XCConfigurationList section */
		7B7930C62753A8E100FC9D9A /* Build configuration list for PBXProject "KoreanLunarCalendar" */ = {
			isa = XCConfigurationList;
			buildConfigurations = (
				7B7930F62753A8E300FC9D9A /* Debug */,
				7B7930F72753A8E300FC9D9A /* Release */,
			);
			defaultConfigurationIsVisible = 0;
			defaultConfigurationName = Release;
		};
		7B7930F82753A8E300FC9D9A /* Build configuration list for PBXNativeTarget "KoreanLunarCalendar" */ = {
			isa = XCConfigurationList;
			buildConfigurations = (
				7B7930F92753A8E300FC9D9A /* Debug */,
				7B7930FA2753A8E300FC9D9A /* Release */,
			);
			defaultConfigurationIsVisible = 0;
			defaultConfigurationName = Release;
		};
		7B7930FB2753A8E300FC9D9A /* Build configuration list for PBXNativeTarget "KoreanLunarCalendarTests" */ = {
			isa = XCConfigurationList;
			buildConfigurations = (
				7B7930FC2753A8E300FC9D9A /* Debug */,
				7B7930FD2753A8E300FC9D9A /* Release */,
			);
			defaultConfigurationIsVisible = 0;
			defaultConfigurationName = Release;
		};
		7B7930FE2753A8E300FC9D9A /* Build configuration list for PBXNativeTarget "KoreanLunarCalendarUITests" */ = {
			isa = XCConfigurationList;
			buildConfigurations = (
				7B7930FF2753A8E300FC9D9A /* Debug */,
				7B7931002753A8E300FC9D9A /* Release */,
			);
			defaultConfigurationIsVisible = 0;
			defaultConfigurationName = Release;
		};
/* End XCConfigurationList section */

/* Begin XCVersionGroup section */
		7B7930D72753A8E100FC9D9A /* KoreanLunarCalendar.xcdatamodeld */ = {
			isa = XCVersionGroup;
			children = (
				7B7930D82753A8E100FC9D9A /* KoreanLunarCalendar.xcdatamodel */,
			);
			currentVersion = 7B7930D82753A8E100FC9D9A /* KoreanLunarCalendar.xcdatamodel */;
			path = KoreanLunarCalendar.xcdatamodeld;
			sourceTree = "<group>";
			versionGroupType = wrapper.xcdatamodel;
		};
/* End XCVersionGroup section */
	};
	rootObject = 7B7930C32753A8E100FC9D9A /* Project object */;
}
